{
  "version": 4,
  "terraform_version": "0.15.4",
  "serial": 131,
  "lineage": "a562846e-d590-7ad7-870e-b2ffa2c108b7",
  "outputs": {},
  "resources": [
    {
      "mode": "data",
      "type": "aws_caller_identity",
      "name": "current",
      "provider": "provider[\"registry.terraform.io/hashicorp/aws\"]",
      "instances": [
        {
          "schema_version": 0,
          "attributes": {
            "account_id": "467343721842",
            "arn": "arn:aws:sts::467343721842:assumed-role/cloud9-admin/i-0a388a0fa2722051e",
            "id": "467343721842",
            "user_id": "AROAWZT63IVZM54ZYOLK3:i-0a388a0fa2722051e"
          },
          "sensitive_attributes": []
        }
      ]
    },
    {
      "mode": "data",
      "type": "aws_iam_policy_document",
      "name": "bucket_pol",
      "provider": "provider[\"registry.terraform.io/hashicorp/aws\"]",
      "instances": [
        {
          "schema_version": 0,
          "attributes": {
            "id": "1996029441",
            "json": "{\n  \"Version\": \"2012-10-17\",\n  \"Statement\": [\n    {\n      \"Sid\": \"Allow PutObject\",\n      \"Effect\": \"Allow\",\n      \"Action\": \"s3:PutObject\",\n      \"Resource\": \"arn:aws:s3:::ndcc-gdlogs-us-west-2/*\",\n      \"Principal\": {\n        \"Service\": \"guardduty.amazonaws.com\"\n      }\n    },\n    {\n      \"Sid\": \"Allow GetBucketLocation\",\n      \"Effect\": \"Allow\",\n      \"Action\": \"s3:GetBucketLocation\",\n      \"Resource\": \"arn:aws:s3:::ndcc-gdlogs-us-west-2\",\n      \"Principal\": {\n        \"Service\": \"guardduty.amazonaws.com\"\n      }\n    }\n  ]\n}",
            "override_json": null,
            "override_policy_documents": null,
            "policy_id": null,
            "source_json": null,
            "source_policy_documents": null,
            "statement": [
              {
                "actions": [
                  "s3:PutObject"
                ],
                "condition": [],
                "effect": "Allow",
                "not_actions": [],
                "not_principals": [],
                "not_resources": [],
                "principals": [
                  {
                    "identifiers": [
                      "guardduty.amazonaws.com"
                    ],
                    "type": "Service"
                  }
                ],
                "resources": [
                  "arn:aws:s3:::ndcc-gdlogs-us-west-2/*"
                ],
                "sid": "Allow PutObject"
              },
              {
                "actions": [
                  "s3:GetBucketLocation"
                ],
                "condition": [],
                "effect": "Allow",
                "not_actions": [],
                "not_principals": [],
                "not_resources": [],
                "principals": [
                  {
                    "identifiers": [
                      "guardduty.amazonaws.com"
                    ],
                    "type": "Service"
                  }
                ],
                "resources": [
                  "arn:aws:s3:::ndcc-gdlogs-us-west-2"
                ],
                "sid": "Allow GetBucketLocation"
              }
            ],
            "version": "2012-10-17"
          },
          "sensitive_attributes": []
        }
      ]
    },
    {
      "mode": "data",
      "type": "aws_iam_policy_document",
      "name": "kms_pol",
      "provider": "provider[\"registry.terraform.io/hashicorp/aws\"]",
      "instances": [
        {
          "schema_version": 0,
          "attributes": {
            "id": "1922523257",
            "json": "{\n  \"Version\": \"2012-10-17\",\n  \"Statement\": [\n    {\n      \"Sid\": \"Allow GuardDuty to encrypt findings\",\n      \"Effect\": \"Allow\",\n      \"Action\": \"kms:GenerateDataKey\",\n      \"Resource\": \"arn:aws:kms:us-west-2:467343721842:key/*\",\n      \"Principal\": {\n        \"Service\": \"guardduty.amazonaws.com\"\n      }\n    },\n    {\n      \"Sid\": \"Allow all users to modify/delete key (test only)\",\n      \"Effect\": \"Allow\",\n      \"Action\": \"kms:*\",\n      \"Resource\": \"arn:aws:kms:us-west-2:467343721842:key/*\",\n      \"Principal\": {\n        \"AWS\": \"arn:aws:iam::467343721842:root\"\n      }\n    }\n  ]\n}",
            "override_json": null,
            "override_policy_documents": null,
            "policy_id": null,
            "source_json": null,
            "source_policy_documents": null,
            "statement": [
              {
                "actions": [
                  "kms:GenerateDataKey"
                ],
                "condition": [],
                "effect": "Allow",
                "not_actions": [],
                "not_principals": [],
                "not_resources": [],
                "principals": [
                  {
                    "identifiers": [
                      "guardduty.amazonaws.com"
                    ],
                    "type": "Service"
                  }
                ],
                "resources": [
                  "arn:aws:kms:us-west-2:467343721842:key/*"
                ],
                "sid": "Allow GuardDuty to encrypt findings"
              },
              {
                "actions": [
                  "kms:*"
                ],
                "condition": [],
                "effect": "Allow",
                "not_actions": [],
                "not_principals": [],
                "not_resources": [],
                "principals": [
                  {
                    "identifiers": [
                      "arn:aws:iam::467343721842:root"
                    ],
                    "type": "AWS"
                  }
                ],
                "resources": [
                  "arn:aws:kms:us-west-2:467343721842:key/*"
                ],
                "sid": "Allow all users to modify/delete key (test only)"
              }
            ],
            "version": "2012-10-17"
          },
          "sensitive_attributes": []
        }
      ]
    },
    {
      "mode": "data",
      "type": "aws_region",
      "name": "current",
      "provider": "provider[\"registry.terraform.io/hashicorp/aws\"]",
      "instances": [
        {
          "schema_version": 0,
          "attributes": {
            "description": "US West (Oregon)",
            "endpoint": "ec2.us-west-2.amazonaws.com",
            "id": "us-west-2",
            "name": "us-west-2"
          },
          "sensitive_attributes": []
        }
      ]
    },
    {
      "mode": "data",
      "type": "aws_sns_topic",
      "name": "mail",
      "provider": "provider[\"registry.terraform.io/hashicorp/aws\"]",
      "instances": [
        {
          "schema_version": 0,
          "attributes": {
            "arn": "arn:aws:sns:us-west-2:467343721842:alert-mail",
            "id": "arn:aws:sns:us-west-2:467343721842:alert-mail",
            "name": "alert-mail"
          },
          "sensitive_attributes": []
        }
      ]
    },
    {
      "mode": "managed",
      "type": "aws_cloudtrail",
      "name": "foobar",
      "provider": "provider[\"registry.terraform.io/hashicorp/aws\"]",
      "instances": [
        {
          "schema_version": 0,
          "attributes": {
            "arn": "arn:aws:cloudtrail:us-west-2:467343721842:trail/ndcc-cloudtrail",
            "cloud_watch_logs_group_arn": "",
            "cloud_watch_logs_role_arn": "",
            "enable_log_file_validation": false,
            "enable_logging": true,
            "event_selector": [],
            "home_region": "us-west-2",
            "id": "ndcc-cloudtrail",
            "include_global_service_events": false,
            "insight_selector": [],
            "is_multi_region_trail": false,
            "is_organization_trail": false,
            "kms_key_id": "",
            "name": "ndcc-cloudtrail",
            "s3_bucket_name": "ndcc-cloudtraillogs-us-west-2",
            "s3_key_prefix": "prefix",
            "sns_topic_name": "",
            "tags": {},
            "tags_all": {}
          },
          "sensitive_attributes": [],
          "private": "bnVsbA==",
          "dependencies": [
            "aws_s3_bucket.cloudtrail_s3",
            "data.aws_caller_identity.current"
          ]
        }
      ]
    },
    {
      "mode": "managed",
      "type": "aws_cloudwatch_event_rule",
      "name": "guardduty",
      "provider": "provider[\"registry.terraform.io/hashicorp/aws\"]",
      "instances": [
        {
          "schema_version": 0,
          "attributes": {
            "arn": "arn:aws:events:us-west-2:467343721842:rule/guardduty",
            "description": "",
            "event_bus_name": "default",
            "event_pattern": "{\"detail-type\":[\"GuardDuty Finding\"],\"source\":[\"aws.guardduty\"]}",
            "id": "guardduty",
            "is_enabled": true,
            "name": "guardduty",
            "name_prefix": "",
            "role_arn": "",
            "schedule_expression": "",
            "tags": {},
            "tags_all": {}
          },
          "sensitive_attributes": [],
          "private": "bnVsbA=="
        }
      ]
    },
    {
      "mode": "managed",
      "type": "aws_cloudwatch_event_target",
      "name": "guardduty",
      "provider": "provider[\"registry.terraform.io/hashicorp/aws\"]",
      "instances": [
        {
          "schema_version": 1,
          "attributes": {
            "arn": "arn:aws:sns:us-west-2:467343721842:alert-mail",
            "batch_target": [],
            "dead_letter_config": [],
            "ecs_target": [],
            "event_bus_name": "default",
            "http_target": [],
            "id": "guardduty-guardduty",
            "input": "",
            "input_path": "",
            "input_transformer": [
              {
                "input_paths": {
                  "description": "$.detail.description",
                  "severity": "$.detail.severity",
                  "type": "$.detail.type"
                },
                "input_template": "\"You have a severity \u003cseverity\u003e GuardDuty finding type \u003ctype\u003e\"\n\"\u003cdescription\u003e\"\n"
              }
            ],
            "kinesis_target": [],
            "redshift_target": [],
            "retry_policy": [],
            "role_arn": "",
            "rule": "guardduty",
            "run_command_targets": [],
            "sqs_target": [],
            "target_id": "guardduty"
          },
          "sensitive_attributes": [],
          "private": "eyJzY2hlbWFfdmVyc2lvbiI6IjEifQ==",
          "dependencies": [
            "aws_cloudwatch_event_rule.guardduty",
            "data.aws_sns_topic.mail"
          ]
        }
      ]
    },
    {
      "mode": "managed",
      "type": "aws_config_configuration_recorder",
      "name": "foo",
      "provider": "provider[\"registry.terraform.io/hashicorp/aws\"]",
      "instances": [
        {
          "schema_version": 0,
          "attributes": {
            "id": "example",
            "name": "example",
            "recording_group": [
              {
                "all_supported": true,
                "include_global_resource_types": false,
                "resource_types": []
              }
            ],
            "role_arn": "arn:aws:iam::467343721842:role/awsconfig-example"
          },
          "sensitive_attributes": [],
          "private": "bnVsbA==",
          "dependencies": [
            "aws_iam_role.r"
          ]
        }
      ]
    },
    {
      "mode": "managed",
      "type": "aws_config_delivery_channel",
      "name": "foo",
      "provider": "provider[\"registry.terraform.io/hashicorp/aws\"]",
      "instances": [
        {
          "schema_version": 0,
          "attributes": {
            "id": "example",
            "name": "example",
            "s3_bucket_name": "ndcc-configlogs-us-west-2",
            "s3_key_prefix": "",
            "snapshot_delivery_properties": [],
            "sns_topic_arn": ""
          },
          "sensitive_attributes": [],
          "private": "bnVsbA==",
          "dependencies": [
            "aws_config_configuration_recorder.foo",
            "aws_iam_role.r",
            "aws_s3_bucket.b"
          ]
        }
      ]
    },
    {
      "mode": "managed",
      "type": "aws_guardduty_detector",
      "name": "MyDetector",
      "provider": "provider[\"registry.terraform.io/hashicorp/aws\"]",
      "instances": [
        {
          "schema_version": 0,
          "attributes": {
            "account_id": "467343721842",
            "arn": "arn:aws:guardduty:us-west-2:467343721842:detector/dabdf3a6b476f275eed0f522bd2c0da1",
            "datasources": [
              {
                "s3_logs": [
                  {
                    "enable": true
                  }
                ]
              }
            ],
            "enable": true,
            "finding_publishing_frequency": "SIX_HOURS",
            "id": "dabdf3a6b476f275eed0f522bd2c0da1",
            "tags": {},
            "tags_all": {}
          },
          "sensitive_attributes": [],
          "private": "bnVsbA=="
        }
      ]
    },
    {
      "mode": "managed",
      "type": "aws_guardduty_publishing_destination",
      "name": "test",
      "provider": "provider[\"registry.terraform.io/hashicorp/aws\"]",
      "instances": [
        {
          "schema_version": 0,
          "attributes": {
            "destination_arn": "arn:aws:s3:::ndcc-gdlogs-us-west-2",
            "destination_type": "S3",
            "detector_id": "dabdf3a6b476f275eed0f522bd2c0da1",
            "id": "dabdf3a6b476f275eed0f522bd2c0da1:40bdf3f2ba2f1ff29dde220c26f6a8a1",
            "kms_key_arn": "arn:aws:kms:us-west-2:467343721842:key/fad1e520-aba9-4eaa-854c-964c1898aa4c"
          },
          "sensitive_attributes": [],
          "private": "bnVsbA==",
          "dependencies": [
            "data.aws_iam_policy_document.bucket_pol",
            "data.aws_iam_policy_document.kms_pol",
            "data.aws_region.current",
            "aws_guardduty_detector.MyDetector",
            "aws_kms_key.gd_key",
            "aws_s3_bucket.gd_bucket",
            "aws_s3_bucket_policy.gd_bucket_policy",
            "data.aws_caller_identity.current"
          ]
        }
      ]
    },
    {
      "mode": "managed",
      "type": "aws_iam_role",
      "name": "r",
      "provider": "provider[\"registry.terraform.io/hashicorp/aws\"]",
      "instances": [
        {
          "schema_version": 0,
          "attributes": {
            "arn": "arn:aws:iam::467343721842:role/awsconfig-example",
            "assume_role_policy": "{\"Version\":\"2012-10-17\",\"Statement\":[{\"Sid\":\"\",\"Effect\":\"Allow\",\"Principal\":{\"Service\":\"config.amazonaws.com\"},\"Action\":\"sts:AssumeRole\"}]}",
            "create_date": "2021-09-15T02:33:35Z",
            "description": "",
            "force_detach_policies": false,
            "id": "awsconfig-example",
            "inline_policy": [
              {
                "name": "awsconfig-example",
                "policy": "{\n  \"Version\": \"2012-10-17\",\n  \"Statement\": [\n    {\n      \"Action\": [\n        \"s3:*\"\n      ],\n      \"Effect\": \"Allow\",\n      \"Resource\": [\n        \"arn:aws:s3:::ndcc-configlogs-us-west-2\",\n        \"arn:aws:s3:::ndcc-configlogs-us-west-2/*\"\n      ]\n    }\n  ]\n}\n"
              }
            ],
            "managed_policy_arns": [],
            "max_session_duration": 3600,
            "name": "awsconfig-example",
            "name_prefix": null,
            "path": "/",
            "permissions_boundary": null,
            "tags": {},
            "tags_all": {},
            "unique_id": "AROAWZT63IVZIE46EVGIF"
          },
          "sensitive_attributes": [],
          "private": "bnVsbA=="
        }
      ]
    },
    {
      "mode": "managed",
      "type": "aws_iam_role_policy",
      "name": "p",
      "provider": "provider[\"registry.terraform.io/hashicorp/aws\"]",
      "instances": [
        {
          "schema_version": 0,
          "attributes": {
            "id": "awsconfig-example:awsconfig-example",
            "name": "awsconfig-example",
            "name_prefix": null,
            "policy": "{\n  \"Version\": \"2012-10-17\",\n  \"Statement\": [\n    {\n      \"Action\": [\n        \"s3:*\"\n      ],\n      \"Effect\": \"Allow\",\n      \"Resource\": [\n        \"arn:aws:s3:::ndcc-configlogs-us-west-2\",\n        \"arn:aws:s3:::ndcc-configlogs-us-west-2/*\"\n      ]\n    }\n  ]\n}\n",
            "role": "awsconfig-example"
          },
          "sensitive_attributes": [],
          "private": "bnVsbA==",
          "dependencies": [
            "aws_iam_role.r",
            "aws_s3_bucket.b"
          ]
        }
      ]
    },
    {
      "mode": "managed",
      "type": "aws_kms_key",
      "name": "gd_key",
      "provider": "provider[\"registry.terraform.io/hashicorp/aws\"]",
      "instances": [
        {
          "schema_version": 0,
          "attributes": {
            "arn": "arn:aws:kms:us-west-2:467343721842:key/fad1e520-aba9-4eaa-854c-964c1898aa4c",
            "bypass_policy_lockout_safety_check": false,
            "customer_master_key_spec": "SYMMETRIC_DEFAULT",
            "deletion_window_in_days": 7,
            "description": "Temporary key for AccTest of TF",
            "enable_key_rotation": false,
            "id": "fad1e520-aba9-4eaa-854c-964c1898aa4c",
            "is_enabled": true,
            "key_id": "fad1e520-aba9-4eaa-854c-964c1898aa4c",
            "key_usage": "ENCRYPT_DECRYPT",
            "policy": "{\"Statement\":[{\"Action\":\"kms:GenerateDataKey\",\"Effect\":\"Allow\",\"Principal\":{\"Service\":\"guardduty.amazonaws.com\"},\"Resource\":\"arn:aws:kms:us-west-2:467343721842:key/*\",\"Sid\":\"Allow GuardDuty to encrypt findings\"},{\"Action\":\"kms:*\",\"Effect\":\"Allow\",\"Principal\":{\"AWS\":\"arn:aws:iam::467343721842:root\"},\"Resource\":\"arn:aws:kms:us-west-2:467343721842:key/*\",\"Sid\":\"Allow all users to modify/delete key (test only)\"}],\"Version\":\"2012-10-17\"}",
            "tags": {},
            "tags_all": {}
          },
          "sensitive_attributes": [],
          "private": "bnVsbA==",
          "dependencies": [
            "data.aws_caller_identity.current",
            "data.aws_iam_policy_document.kms_pol",
            "data.aws_region.current"
          ]
        }
      ]
    },
    {
      "mode": "managed",
      "type": "aws_s3_bucket",
      "name": "b",
      "provider": "provider[\"registry.terraform.io/hashicorp/aws\"]",
      "instances": [
        {
          "schema_version": 0,
          "attributes": {
            "acceleration_status": "",
            "acl": "private",
            "arn": "arn:aws:s3:::ndcc-configlogs-us-west-2",
            "bucket": "ndcc-configlogs-us-west-2",
            "bucket_domain_name": "ndcc-configlogs-us-west-2.s3.amazonaws.com",
            "bucket_prefix": null,
            "bucket_regional_domain_name": "ndcc-configlogs-us-west-2.s3.us-west-2.amazonaws.com",
            "cors_rule": [],
            "force_destroy": true,
            "grant": [],
            "hosted_zone_id": "Z3BJ6K6RIION7M",
            "id": "ndcc-configlogs-us-west-2",
            "lifecycle_rule": [],
            "logging": [],
            "object_lock_configuration": [],
            "policy": null,
            "region": "us-west-2",
            "replication_configuration": [],
            "request_payer": "BucketOwner",
            "server_side_encryption_configuration": [],
            "tags": {},
            "tags_all": {},
            "versioning": [
              {
                "enabled": false,
                "mfa_delete": false
              }
            ],
            "website": [],
            "website_domain": null,
            "website_endpoint": null
          },
          "sensitive_attributes": [],
          "private": "bnVsbA=="
        }
      ]
    },
    {
      "mode": "managed",
      "type": "aws_s3_bucket",
      "name": "cloudtrail_s3",
      "provider": "provider[\"registry.terraform.io/hashicorp/aws\"]",
      "instances": [
        {
          "schema_version": 0,
          "attributes": {
            "acceleration_status": "",
            "acl": "private",
            "arn": "arn:aws:s3:::ndcc-cloudtraillogs-us-west-2",
            "bucket": "ndcc-cloudtraillogs-us-west-2",
            "bucket_domain_name": "ndcc-cloudtraillogs-us-west-2.s3.amazonaws.com",
            "bucket_prefix": null,
            "bucket_regional_domain_name": "ndcc-cloudtraillogs-us-west-2.s3.us-west-2.amazonaws.com",
            "cors_rule": [],
            "force_destroy": true,
            "grant": [],
            "hosted_zone_id": "Z3BJ6K6RIION7M",
            "id": "ndcc-cloudtraillogs-us-west-2",
            "lifecycle_rule": [],
            "logging": [],
            "object_lock_configuration": [],
            "policy": "{\"Statement\":[{\"Action\":\"s3:GetBucketAcl\",\"Effect\":\"Allow\",\"Principal\":{\"Service\":\"cloudtrail.amazonaws.com\"},\"Resource\":\"arn:aws:s3:::ndcc-cloudtraillogs-us-west-2\",\"Sid\":\"AWSCloudTrailAclCheck\"},{\"Action\":\"s3:PutObject\",\"Condition\":{\"StringEquals\":{\"s3:x-amz-acl\":\"bucket-owner-full-control\"}},\"Effect\":\"Allow\",\"Principal\":{\"Service\":\"cloudtrail.amazonaws.com\"},\"Resource\":\"arn:aws:s3:::ndcc-cloudtraillogs-us-west-2/prefix/AWSLogs/467343721842/*\",\"Sid\":\"AWSCloudTrailWrite\"}],\"Version\":\"2012-10-17\"}",
            "region": "us-west-2",
            "replication_configuration": [],
            "request_payer": "BucketOwner",
            "server_side_encryption_configuration": [],
            "tags": {},
            "tags_all": {},
            "versioning": [
              {
                "enabled": false,
                "mfa_delete": false
              }
            ],
            "website": [],
            "website_domain": null,
            "website_endpoint": null
          },
          "sensitive_attributes": [],
          "private": "bnVsbA==",
          "dependencies": [
            "data.aws_caller_identity.current"
          ]
        }
      ]
    },
    {
      "mode": "managed",
      "type": "aws_s3_bucket",
      "name": "gd_bucket",
      "provider": "provider[\"registry.terraform.io/hashicorp/aws\"]",
      "instances": [
        {
          "schema_version": 0,
          "attributes": {
            "acceleration_status": "",
            "acl": "private",
            "arn": "arn:aws:s3:::ndcc-gdlogs-us-west-2",
            "bucket": "ndcc-gdlogs-us-west-2",
            "bucket_domain_name": "ndcc-gdlogs-us-west-2.s3.amazonaws.com",
            "bucket_prefix": null,
            "bucket_regional_domain_name": "ndcc-gdlogs-us-west-2.s3.us-west-2.amazonaws.com",
            "cors_rule": [],
            "force_destroy": true,
            "grant": [],
            "hosted_zone_id": "Z3BJ6K6RIION7M",
            "id": "ndcc-gdlogs-us-west-2",
            "lifecycle_rule": [],
            "logging": [],
            "object_lock_configuration": [],
            "policy": null,
            "region": "us-west-2",
            "replication_configuration": [],
            "request_payer": "BucketOwner",
            "server_side_encryption_configuration": [],
            "tags": {},
            "tags_all": {},
            "versioning": [
              {
                "enabled": false,
                "mfa_delete": false
              }
            ],
            "website": [],
            "website_domain": null,
            "website_endpoint": null
          },
          "sensitive_attributes": [],
          "private": "bnVsbA=="
        }
      ]
    },
    {
      "mode": "managed",
      "type": "aws_s3_bucket_policy",
      "name": "gd_bucket_policy",
      "provider": "provider[\"registry.terraform.io/hashicorp/aws\"]",
      "instances": [
        {
          "schema_version": 0,
          "attributes": {
            "bucket": "ndcc-gdlogs-us-west-2",
            "id": "ndcc-gdlogs-us-west-2",
            "policy": "{\"Version\":\"2012-10-17\",\"Statement\":[{\"Sid\":\"Allow PutObject\",\"Effect\":\"Allow\",\"Principal\":{\"Service\":\"guardduty.amazonaws.com\"},\"Action\":\"s3:PutObject\",\"Resource\":\"arn:aws:s3:::ndcc-gdlogs-us-west-2/*\"},{\"Sid\":\"Allow GetBucketLocation\",\"Effect\":\"Allow\",\"Principal\":{\"Service\":\"guardduty.amazonaws.com\"},\"Action\":\"s3:GetBucketLocation\",\"Resource\":\"arn:aws:s3:::ndcc-gdlogs-us-west-2\"}]}"
          },
          "sensitive_attributes": [],
          "private": "bnVsbA==",
          "dependencies": [
            "aws_s3_bucket.gd_bucket",
            "data.aws_iam_policy_document.bucket_pol"
          ]
        }
      ]
    },
    {
      "mode": "managed",
      "type": "random_id",
      "name": "s3_id",
      "provider": "provider[\"registry.terraform.io/hashicorp/random\"]",
      "instances": [
        {
          "schema_version": 0,
          "attributes": {
            "b64_std": "Ox4=",
            "b64_url": "Ox4",
            "byte_length": 2,
            "dec": "15134",
            "hex": "3b1e",
            "id": "Ox4",
            "keepers": null,
            "prefix": null
          },
          "sensitive_attributes": [],
          "private": "bnVsbA=="
        }
      ]
    }
  ]
}
